
Microsoft Visual Studio Solution File, Format Version 12.00
# Visual Studio Version 17
VisualStudioVersion = 17.11.35327.3
MinimumVisualStudioVersion = 10.0.40219.1
Project("{9A19103F-16F7-4668-BE54-9A1E7A4F7556}") = "CSampleServer", "CSampleServer\CSampleServer.csproj", "{8C4E4E54-4A48-40F0-ABDD-A526BF7DC550}"
EndProject
Project("{9A19103F-16F7-4668-BE54-9A1E7A4F7556}") = "CSampleClient", "CSampleClient\CSampleClient.csproj", "{E1DBBFB9-1D5B-4987-A795-6BCB4B28DADF}"
EndProject
Project("{9A19103F-16F7-4668-BE54-9A1E7A4F7556}") = "FreeNet", "..\FreeNet\Chapter1\FreeNet.csproj", "{3B8823FD-707F-4645-8BF6-5802632C25FE}"
EndProject
Global
	GlobalSection(SolutionConfigurationPlatforms) = preSolution
		Debug|Any CPU = Debug|Any CPU
		Release|Any CPU = Release|Any CPU
	EndGlobalSection
	GlobalSection(ProjectConfigurationPlatforms) = postSolution
		{8C4E4E54-4A48-40F0-ABDD-A526BF7DC550}.Debug|Any CPU.ActiveCfg = Debug|Any CPU
		{8C4E4E54-4A48-40F0-ABDD-A526BF7DC550}.Debug|Any CPU.Build.0 = Debug|Any CPU
		{8C4E4E54-4A48-40F0-ABDD-A526BF7DC550}.Release|Any CPU.ActiveCfg = Release|Any CPU
		{8C4E4E54-4A48-40F0-ABDD-A526BF7DC550}.Release|Any CPU.Build.0 = Release|Any CPU
		{E1DBBFB9-1D5B-4987-A795-6BCB4B28DADF}.Debug|Any CPU.ActiveCfg = Debug|Any CPU
		{E1DBBFB9-1D5B-4987-A795-6BCB4B28DADF}.Debug|Any CPU.Build.0 = Debug|Any CPU
		{E1DBBFB9-1D5B-4987-A795-6BCB4B28DADF}.Release|Any CPU.ActiveCfg = Release|Any CPU
		{E1DBBFB9-1D5B-4987-A795-6BCB4B28DADF}.Release|Any CPU.Build.0 = Release|Any CPU
		{3B8823FD-707F-4645-8BF6-5802632C25FE}.Debug|Any CPU.ActiveCfg = Debug|Any CPU
		{3B8823FD-707F-4645-8BF6-5802632C25FE}.Debug|Any CPU.Build.0 = Debug|Any CPU
		{3B8823FD-707F-4645-8BF6-5802632C25FE}.Release|Any CPU.ActiveCfg = Release|Any CPU
		{3B8823FD-707F-4645-8BF6-5802632C25FE}.Release|Any CPU.Build.0 = Release|Any CPU
	EndGlobalSection
	GlobalSection(SolutionProperties) = preSolution
		HideSolutionNode = FALSE
	EndGlobalSection
	GlobalSection(ExtensibilityGlobals) = postSolution
		SolutionGuid = {4ED329B9-B3F2-4733-9EB0-3308C0E859EB}
	EndGlobalSection
EndGlobal
